
Microsoft Visual Studio Solution File, Format Version 12.00
# Visual Studio Version 16
VisualStudioVersion = 16.0.31702.278
MinimumVisualStudioVersion = 10.0.40219.1
Project("{9A19103F-16F7-4668-BE54-9A1E7A4F7556}") = "App", "App\App.csproj", "{DA84DAB2-81D8-4542-9058-C2DD4814F8C9}"
EndProject
Project("{9A19103F-16F7-4668-BE54-9A1E7A4F7556}") = "Script", "Script\Script.csproj", "{2BBF6E16-D2D2-438B-A144-AFDE3257EE64}"
EndProject
Project("{2150E333-8FDC-42A3-9474-1A3956D46DE8}") = "DocFiles", "DocFiles", "{4DEF0736-26BA-4D08-B0E9-D6CAFAAB8C1F}"
	ProjectSection(SolutionItems) = preProject
		DocFiles\Internals.md = DocFiles\Internals.md
		DocFiles\Nebulator.md = DocFiles\Nebulator.md
		DocFiles\ScriptApi.md = DocFiles\ScriptApi.md
		DocFiles\ScriptSyntax.md = DocFiles\ScriptSyntax.md
	EndProjectSection
EndProject
Project("{2150E333-8FDC-42A3-9474-1A3956D46DE8}") = "Examples", "Examples", "{C96541B3-854A-4405-A6AD-8F7D676905CE}"
	ProjectSection(SolutionItems) = preProject
		Examples\airport.neb = Examples\airport.neb
		Examples\example.neb = Examples\example.neb
		Examples\piece1.neb = Examples\piece1.neb
		Examples\scale.neb = Examples\scale.neb
		Examples\utils.neb = Examples\utils.neb
	EndProjectSection
EndProject
Project("{9A19103F-16F7-4668-BE54-9A1E7A4F7556}") = "MidiLib", "..\MidiLib\MidiLib.csproj", "{C1B94030-5B42-4631-884D-672372ACFEEB}"
EndProject
Global
	GlobalSection(SolutionConfigurationPlatforms) = preSolution
		Debug|Any CPU = Debug|Any CPU
		Release|Any CPU = Release|Any CPU
	EndGlobalSection
	GlobalSection(ProjectConfigurationPlatforms) = postSolution
		{DA84DAB2-81D8-4542-9058-C2DD4814F8C9}.Debug|Any CPU.ActiveCfg = Debug|Any CPU
		{DA84DAB2-81D8-4542-9058-C2DD4814F8C9}.Debug|Any CPU.Build.0 = Debug|Any CPU
		{DA84DAB2-81D8-4542-9058-C2DD4814F8C9}.Release|Any CPU.ActiveCfg = Release|Any CPU
		{DA84DAB2-81D8-4542-9058-C2DD4814F8C9}.Release|Any CPU.Build.0 = Release|Any CPU
		{2BBF6E16-D2D2-438B-A144-AFDE3257EE64}.Debug|Any CPU.ActiveCfg = Debug|Any CPU
		{2BBF6E16-D2D2-438B-A144-AFDE3257EE64}.Debug|Any CPU.Build.0 = Debug|Any CPU
		{2BBF6E16-D2D2-438B-A144-AFDE3257EE64}.Release|Any CPU.ActiveCfg = Release|Any CPU
		{2BBF6E16-D2D2-438B-A144-AFDE3257EE64}.Release|Any CPU.Build.0 = Release|Any CPU
		{C1B94030-5B42-4631-884D-672372ACFEEB}.Debug|Any CPU.ActiveCfg = Debug|Any CPU
		{C1B94030-5B42-4631-884D-672372ACFEEB}.Debug|Any CPU.Build.0 = Debug|Any CPU
		{C1B94030-5B42-4631-884D-672372ACFEEB}.Release|Any CPU.ActiveCfg = Release|Any CPU
		{C1B94030-5B42-4631-884D-672372ACFEEB}.Release|Any CPU.Build.0 = Release|Any CPU
	EndGlobalSection
	GlobalSection(SolutionProperties) = preSolution
		HideSolutionNode = FALSE
	EndGlobalSection
	GlobalSection(ExtensibilityGlobals) = postSolution
		SolutionGuid = {CE4917AF-5101-4148-9007-DB5E4C9393AB}
	EndGlobalSection
EndGlobal
