
Microsoft Visual Studio Solution File, Format Version 12.00
# Visual Studio Version 16
VisualStudioVersion = 16.0.31702.278
MinimumVisualStudioVersion = 10.0.40219.1
Project("{9A19103F-16F7-4668-BE54-9A1E7A4F7556}") = "App", "App\App.csproj", "{DA84DAB2-81D8-4542-9058-C2DD4814F8C9}"
EndProject
Project("{9A19103F-16F7-4668-BE54-9A1E7A4F7556}") = "Script", "Script\Script.csproj", "{2BBF6E16-D2D2-438B-A144-AFDE3257EE64}"
EndProject
Project("{9A19103F-16F7-4668-BE54-9A1E7A4F7556}") = "Common", "Common\Common.csproj", "{7FB56B40-1555-438C-94B2-9D2C7DF763E2}"
EndProject
Project("{2150E333-8FDC-42A3-9474-1A3956D46DE8}") = "Doc", "Doc", "{4DEF0736-26BA-4D08-B0E9-D6CAFAAB8C1F}"
	ProjectSection(SolutionItems) = preProject
		Doc\Internals.md = Doc\Internals.md
		Doc\MusicDefinitions.md = Doc\MusicDefinitions.md
		Doc\ScriptApi.md = Doc\ScriptApi.md
		Doc\ScriptSyntax.md = Doc\ScriptSyntax.md
	EndProjectSection
EndProject
Global
	GlobalSection(SolutionConfigurationPlatforms) = preSolution
		Debug|Any CPU = Debug|Any CPU
		Release|Any CPU = Release|Any CPU
	EndGlobalSection
	GlobalSection(ProjectConfigurationPlatforms) = postSolution
		{DA84DAB2-81D8-4542-9058-C2DD4814F8C9}.Debug|Any CPU.ActiveCfg = Debug|Any CPU
		{DA84DAB2-81D8-4542-9058-C2DD4814F8C9}.Debug|Any CPU.Build.0 = Debug|Any CPU
		{DA84DAB2-81D8-4542-9058-C2DD4814F8C9}.Release|Any CPU.ActiveCfg = Release|Any CPU
		{DA84DAB2-81D8-4542-9058-C2DD4814F8C9}.Release|Any CPU.Build.0 = Release|Any CPU
		{2BBF6E16-D2D2-438B-A144-AFDE3257EE64}.Debug|Any CPU.ActiveCfg = Debug|Any CPU
		{2BBF6E16-D2D2-438B-A144-AFDE3257EE64}.Debug|Any CPU.Build.0 = Debug|Any CPU
		{2BBF6E16-D2D2-438B-A144-AFDE3257EE64}.Release|Any CPU.ActiveCfg = Release|Any CPU
		{2BBF6E16-D2D2-438B-A144-AFDE3257EE64}.Release|Any CPU.Build.0 = Release|Any CPU
		{7FB56B40-1555-438C-94B2-9D2C7DF763E2}.Debug|Any CPU.ActiveCfg = Debug|Any CPU
		{7FB56B40-1555-438C-94B2-9D2C7DF763E2}.Debug|Any CPU.Build.0 = Debug|Any CPU
		{7FB56B40-1555-438C-94B2-9D2C7DF763E2}.Release|Any CPU.ActiveCfg = Release|Any CPU
		{7FB56B40-1555-438C-94B2-9D2C7DF763E2}.Release|Any CPU.Build.0 = Release|Any CPU
	EndGlobalSection
	GlobalSection(SolutionProperties) = preSolution
		HideSolutionNode = FALSE
	EndGlobalSection
	GlobalSection(ExtensibilityGlobals) = postSolution
		SolutionGuid = {CE4917AF-5101-4148-9007-DB5E4C9393AB}
	EndGlobalSection
EndGlobal
