
Microsoft Visual Studio Solution File, Format Version 12.00
# Visual Studio 15
VisualStudioVersion = 15.0.27130.2020
MinimumVisualStudioVersion = 10.0.40219.1
Project("{FAE04EC0-301F-11D3-BF4B-00C04F79EFBC}") = "Nebulator", "Nebulator\Nebulator.csproj", "{3212E8CF-DB99-4C4A-99CC-1020A11BDC1D}"
EndProject
Project("{2150E333-8FDC-42A3-9474-1A3956D46DE8}") = "Solution Items", "Solution Items", "{75527434-B85C-4F16-B5FA-D75BC552DB79}"
	ProjectSection(SolutionItems) = preProject
		LICENSE = LICENSE
		README.md = README.md
		Nebulator\UI\reaper-vkbmap.txt = Nebulator\UI\reaper-vkbmap.txt
	EndProjectSection
EndProject
Project("{2150E333-8FDC-42A3-9474-1A3956D46DE8}") = "Wiki", "Wiki", "{20180D64-A496-4D89-B025-1493E74B3F1F}"
	ProjectSection(SolutionItems) = preProject
		..\Nebulator.wiki\_Sidebar.md = ..\Nebulator.wiki\_Sidebar.md
		..\Nebulator.wiki\Home.md = ..\Nebulator.wiki\Home.md
		..\Nebulator.wiki\ScriptApiNeb.md = ..\Nebulator.wiki\ScriptApiNeb.md
		..\Nebulator.wiki\ScriptApiUi.md = ..\Nebulator.wiki\ScriptApiUi.md
		..\Nebulator.wiki\ScriptDefinitions.md = ..\Nebulator.wiki\ScriptDefinitions.md
		..\Nebulator.wiki\ScriptSyntax.md = ..\Nebulator.wiki\ScriptSyntax.md
	EndProjectSection
EndProject
Project("{FAE04EC0-301F-11D3-BF4B-00C04F79EFBC}") = "Test", "Test\Test.csproj", "{6C3C3132-1765-473F-84F9-163CCD69FB68}"
EndProject
Project("{FAE04EC0-301F-11D3-BF4B-00C04F79EFBC}") = "Common", "Common\Common.csproj", "{FF958FAF-E474-4E58-B787-F166D9CAC80F}"
EndProject
Project("{FAE04EC0-301F-11D3-BF4B-00C04F79EFBC}") = "Midi", "Midi\Midi.csproj", "{D797A9C7-CD82-49C1-8E9D-151C9F3E2320}"
EndProject
Project("{FAE04EC0-301F-11D3-BF4B-00C04F79EFBC}") = "Scripting", "Scripting\Scripting.csproj", "{29A26E51-1494-4BEE-9E20-4A4D0F3B34AB}"
EndProject
Global
	GlobalSection(SolutionConfigurationPlatforms) = preSolution
		Debug|Any CPU = Debug|Any CPU
		Release|Any CPU = Release|Any CPU
	EndGlobalSection
	GlobalSection(ProjectConfigurationPlatforms) = postSolution
		{3212E8CF-DB99-4C4A-99CC-1020A11BDC1D}.Debug|Any CPU.ActiveCfg = Debug|Any CPU
		{3212E8CF-DB99-4C4A-99CC-1020A11BDC1D}.Debug|Any CPU.Build.0 = Debug|Any CPU
		{3212E8CF-DB99-4C4A-99CC-1020A11BDC1D}.Release|Any CPU.ActiveCfg = Release|Any CPU
		{3212E8CF-DB99-4C4A-99CC-1020A11BDC1D}.Release|Any CPU.Build.0 = Release|Any CPU
		{6C3C3132-1765-473F-84F9-163CCD69FB68}.Debug|Any CPU.ActiveCfg = Debug|Any CPU
		{6C3C3132-1765-473F-84F9-163CCD69FB68}.Debug|Any CPU.Build.0 = Debug|Any CPU
		{6C3C3132-1765-473F-84F9-163CCD69FB68}.Release|Any CPU.ActiveCfg = Release|Any CPU
		{6C3C3132-1765-473F-84F9-163CCD69FB68}.Release|Any CPU.Build.0 = Release|Any CPU
		{FF958FAF-E474-4E58-B787-F166D9CAC80F}.Debug|Any CPU.ActiveCfg = Debug|Any CPU
		{FF958FAF-E474-4E58-B787-F166D9CAC80F}.Debug|Any CPU.Build.0 = Debug|Any CPU
		{FF958FAF-E474-4E58-B787-F166D9CAC80F}.Release|Any CPU.ActiveCfg = Release|Any CPU
		{FF958FAF-E474-4E58-B787-F166D9CAC80F}.Release|Any CPU.Build.0 = Release|Any CPU
		{D797A9C7-CD82-49C1-8E9D-151C9F3E2320}.Debug|Any CPU.ActiveCfg = Debug|Any CPU
		{D797A9C7-CD82-49C1-8E9D-151C9F3E2320}.Debug|Any CPU.Build.0 = Debug|Any CPU
		{D797A9C7-CD82-49C1-8E9D-151C9F3E2320}.Release|Any CPU.ActiveCfg = Release|Any CPU
		{D797A9C7-CD82-49C1-8E9D-151C9F3E2320}.Release|Any CPU.Build.0 = Release|Any CPU
		{29A26E51-1494-4BEE-9E20-4A4D0F3B34AB}.Debug|Any CPU.ActiveCfg = Debug|Any CPU
		{29A26E51-1494-4BEE-9E20-4A4D0F3B34AB}.Debug|Any CPU.Build.0 = Debug|Any CPU
		{29A26E51-1494-4BEE-9E20-4A4D0F3B34AB}.Release|Any CPU.ActiveCfg = Release|Any CPU
		{29A26E51-1494-4BEE-9E20-4A4D0F3B34AB}.Release|Any CPU.Build.0 = Release|Any CPU
	EndGlobalSection
	GlobalSection(SolutionProperties) = preSolution
		HideSolutionNode = FALSE
	EndGlobalSection
	GlobalSection(ExtensibilityGlobals) = postSolution
		SolutionGuid = {9C5D6CB5-9160-4C92-AA55-AF2A5AC175BB}
	EndGlobalSection
EndGlobal
